// !$*UTF8*$!
{
	archiveVersion = 1;
	classes = {
	};
	objectVersion = 46;
	objects = {

/* Begin PBXBuildFile section */
		158CBEB924EFB93150BE2047 /* Pods_CocoaPodsApp.framework in Frameworks */ = {isa = PBXBuildFile; fileRef = 58284D6CCBF9F8AE67F3BAE6 /* Pods_CocoaPodsApp.framework */; };
		5225F3EC50635ABB1DB6DCAF /* Pods_CocoaPodsAppTests.framework in Frameworks */ = {isa = PBXBuildFile; fileRef = EAC632274ABF6276F9ECA004 /* Pods_CocoaPodsAppTests.framework */; };
		F5AAFF2C8422F7243E8CFB67 /* Pods_CocoaPodsAppUITests.framework in Frameworks */ = {isa = PBXBuildFile; fileRef = 0CBB1A17BD18CD4D83119A51 /* Pods_CocoaPodsAppUITests.framework */; };
		F6450BF41F6E7E660062B4C4 /* AppDelegate.swift in Sources */ = {isa = PBXBuildFile; fileRef = F6450BF31F6E7E660062B4C4 /* AppDelegate.swift */; };
		F6450BF61F6E7E660062B4C4 /* ViewController.swift in Sources */ = {isa = PBXBuildFile; fileRef = F6450BF51F6E7E660062B4C4 /* ViewController.swift */; };
		F6450BF91F6E7E660062B4C4 /* Main.storyboard in Resources */ = {isa = PBXBuildFile; fileRef = F6450BF71F6E7E660062B4C4 /* Main.storyboard */; };
		F6450BFC1F6E7E660062B4C4 /* CocoaPodsApp.xcdatamodeld in Sources */ = {isa = PBXBuildFile; fileRef = F6450BFA1F6E7E660062B4C4 /* CocoaPodsApp.xcdatamodeld */; };
		F6450BFE1F6E7E660062B4C4 /* Assets.xcassets in Resources */ = {isa = PBXBuildFile; fileRef = F6450BFD1F6E7E660062B4C4 /* Assets.xcassets */; };
		F6450C011F6E7E660062B4C4 /* LaunchScreen.storyboard in Resources */ = {isa = PBXBuildFile; fileRef = F6450BFF1F6E7E660062B4C4 /* LaunchScreen.storyboard */; };
		F6450C0C1F6E7E660062B4C4 /* CocoaPodsAppTests.swift in Sources */ = {isa = PBXBuildFile; fileRef = F6450C0B1F6E7E660062B4C4 /* CocoaPodsAppTests.swift */; };
		F6450C171F6E7E660062B4C4 /* CocoaPodsAppUITests.swift in Sources */ = {isa = PBXBuildFile; fileRef = F6450C161F6E7E660062B4C4 /* CocoaPodsAppUITests.swift */; };
		F6450C251F6E7F050062B4C4 /* bg.jpeg in Resources */ = {isa = PBXBuildFile; fileRef = F6450C241F6E7F050062B4C4 /* bg.jpeg */; };
/* End PBXBuildFile section */

/* Begin PBXContainerItemProxy section */
		F6450C081F6E7E660062B4C4 /* PBXContainerItemProxy */ = {
			isa = PBXContainerItemProxy;
			containerPortal = F6450BE81F6E7E660062B4C4 /* Project object */;
			proxyType = 1;
			remoteGlobalIDString = F6450BEF1F6E7E660062B4C4;
			remoteInfo = CocoaPodsApp;
		};
		F6450C131F6E7E660062B4C4 /* PBXContainerItemProxy */ = {
			isa = PBXContainerItemProxy;
			containerPortal = F6450BE81F6E7E660062B4C4 /* Project object */;
			proxyType = 1;
			remoteGlobalIDString = F6450BEF1F6E7E660062B4C4;
			remoteInfo = CocoaPodsApp;
		};
/* End PBXContainerItemProxy section */

/* Begin PBXFileReference section */
		0CBB1A17BD18CD4D83119A51 /* Pods_CocoaPodsAppUITests.framework */ = {isa = PBXFileReference; explicitFileType = wrapper.framework; includeInIndex = 0; path = Pods_CocoaPodsAppUITests.framework; sourceTree = BUILT_PRODUCTS_DIR; };
		2E53FF33419A8D7241281173 /* Pods-CocoaPodsAppUITests.release.xcconfig */ = {isa = PBXFileReference; includeInIndex = 1; lastKnownFileType = text.xcconfig; name = "Pods-CocoaPodsAppUITests.release.xcconfig"; path = "Pods/Target Support Files/Pods-CocoaPodsAppUITests/Pods-CocoaPodsAppUITests.release.xcconfig"; sourceTree = "<group>"; };
		568A84CBBB53432AB77629E8 /* Pods-CocoaPodsAppTests.release.xcconfig */ = {isa = PBXFileReference; includeInIndex = 1; lastKnownFileType = text.xcconfig; name = "Pods-CocoaPodsAppTests.release.xcconfig"; path = "Pods/Target Support Files/Pods-CocoaPodsAppTests/Pods-CocoaPodsAppTests.release.xcconfig"; sourceTree = "<group>"; };
		58284D6CCBF9F8AE67F3BAE6 /* Pods_CocoaPodsApp.framework */ = {isa = PBXFileReference; explicitFileType = wrapper.framework; includeInIndex = 0; path = Pods_CocoaPodsApp.framework; sourceTree = BUILT_PRODUCTS_DIR; };
		62F8CBD7EBB3094DAB55E943 /* Pods-CocoaPodsAppUITests.debug.xcconfig */ = {isa = PBXFileReference; includeInIndex = 1; lastKnownFileType = text.xcconfig; name = "Pods-CocoaPodsAppUITests.debug.xcconfig"; path = "Pods/Target Support Files/Pods-CocoaPodsAppUITests/Pods-CocoaPodsAppUITests.debug.xcconfig"; sourceTree = "<group>"; };
		6CD7188DD1D60FED1252AF38 /* Pods-CocoaPodsApp.release.xcconfig */ = {isa = PBXFileReference; includeInIndex = 1; lastKnownFileType = text.xcconfig; name = "Pods-CocoaPodsApp.release.xcconfig"; path = "Pods/Target Support Files/Pods-CocoaPodsApp/Pods-CocoaPodsApp.release.xcconfig"; sourceTree = "<group>"; };
		8AF1B04CBCD2549A1BB116FF /* Pods-CocoaPodsAppTests.debug.xcconfig */ = {isa = PBXFileReference; includeInIndex = 1; lastKnownFileType = text.xcconfig; name = "Pods-CocoaPodsAppTests.debug.xcconfig"; path = "Pods/Target Support Files/Pods-CocoaPodsAppTests/Pods-CocoaPodsAppTests.debug.xcconfig"; sourceTree = "<group>"; };
		D8878D1CF582DE269E01484A /* Pods-CocoaPodsApp.debug.xcconfig */ = {isa = PBXFileReference; includeInIndex = 1; lastKnownFileType = text.xcconfig; name = "Pods-CocoaPodsApp.debug.xcconfig"; path = "Pods/Target Support Files/Pods-CocoaPodsApp/Pods-CocoaPodsApp.debug.xcconfig"; sourceTree = "<group>"; };
		EAC632274ABF6276F9ECA004 /* Pods_CocoaPodsAppTests.framework */ = {isa = PBXFileReference; explicitFileType = wrapper.framework; includeInIndex = 0; path = Pods_CocoaPodsAppTests.framework; sourceTree = BUILT_PRODUCTS_DIR; };
		F6450BF01F6E7E660062B4C4 /* CocoaPodsApp.app */ = {isa = PBXFileReference; explicitFileType = wrapper.application; includeInIndex = 0; path = CocoaPodsApp.app; sourceTree = BUILT_PRODUCTS_DIR; };
		F6450BF31F6E7E660062B4C4 /* AppDelegate.swift */ = {isa = PBXFileReference; lastKnownFileType = sourcecode.swift; path = AppDelegate.swift; sourceTree = "<group>"; };
		F6450BF51F6E7E660062B4C4 /* ViewController.swift */ = {isa = PBXFileReference; lastKnownFileType = sourcecode.swift; path = ViewController.swift; sourceTree = "<group>"; };
		F6450BF81F6E7E660062B4C4 /* Base */ = {isa = PBXFileReference; lastKnownFileType = file.storyboard; name = Base; path = Base.lproj/Main.storyboard; sourceTree = "<group>"; };
		F6450BFB1F6E7E660062B4C4 /* CocoaPodsApp.xcdatamodel */ = {isa = PBXFileReference; lastKnownFileType = wrapper.xcdatamodel; path = CocoaPodsApp.xcdatamodel; sourceTree = "<group>"; };
		F6450BFD1F6E7E660062B4C4 /* Assets.xcassets */ = {isa = PBXFileReference; lastKnownFileType = folder.assetcatalog; path = Assets.xcassets; sourceTree = "<group>"; };
		F6450C001F6E7E660062B4C4 /* Base */ = {isa = PBXFileReference; lastKnownFileType = file.storyboard; name = Base; path = Base.lproj/LaunchScreen.storyboard; sourceTree = "<group>"; };
		F6450C021F6E7E660062B4C4 /* Info.plist */ = {isa = PBXFileReference; lastKnownFileType = text.plist.xml; path = Info.plist; sourceTree = "<group>"; };
		F6450C071F6E7E660062B4C4 /* CocoaPodsAppTests.xctest */ = {isa = PBXFileReference; explicitFileType = wrapper.cfbundle; includeInIndex = 0; path = CocoaPodsAppTests.xctest; sourceTree = BUILT_PRODUCTS_DIR; };
		F6450C0B1F6E7E660062B4C4 /* CocoaPodsAppTests.swift */ = {isa = PBXFileReference; lastKnownFileType = sourcecode.swift; path = CocoaPodsAppTests.swift; sourceTree = "<group>"; };
		F6450C0D1F6E7E660062B4C4 /* Info.plist */ = {isa = PBXFileReference; lastKnownFileType = text.plist.xml; path = Info.plist; sourceTree = "<group>"; };
		F6450C121F6E7E660062B4C4 /* CocoaPodsAppUITests.xctest */ = {isa = PBXFileReference; explicitFileType = wrapper.cfbundle; includeInIndex = 0; path = CocoaPodsAppUITests.xctest; sourceTree = BUILT_PRODUCTS_DIR; };
		F6450C161F6E7E660062B4C4 /* CocoaPodsAppUITests.swift */ = {isa = PBXFileReference; lastKnownFileType = sourcecode.swift; path = CocoaPodsAppUITests.swift; sourceTree = "<group>"; };
		F6450C181F6E7E660062B4C4 /* Info.plist */ = {isa = PBXFileReference; lastKnownFileType = text.plist.xml; path = Info.plist; sourceTree = "<group>"; };
		F6450C241F6E7F050062B4C4 /* bg.jpeg */ = {isa = PBXFileReference; lastKnownFileType = image.jpeg; path = bg.jpeg; sourceTree = "<group>"; };
/* End PBXFileReference section */

/* Begin PBXFrameworksBuildPhase section */
		F6450BED1F6E7E660062B4C4 /* Frameworks */ = {
			isa = PBXFrameworksBuildPhase;
			buildActionMask = 2147483647;
			files = (
				158CBEB924EFB93150BE2047 /* Pods_CocoaPodsApp.framework in Frameworks */,
			);
			runOnlyForDeploymentPostprocessing = 0;
		};
		F6450C041F6E7E660062B4C4 /* Frameworks */ = {
			isa = PBXFrameworksBuildPhase;
			buildActionMask = 2147483647;
			files = (
				5225F3EC50635ABB1DB6DCAF /* Pods_CocoaPodsAppTests.framework in Frameworks */,
			);
			runOnlyForDeploymentPostprocessing = 0;
		};
		F6450C0F1F6E7E660062B4C4 /* Frameworks */ = {
			isa = PBXFrameworksBuildPhase;
			buildActionMask = 2147483647;
			files = (
				F5AAFF2C8422F7243E8CFB67 /* Pods_CocoaPodsAppUITests.framework in Frameworks */,
			);
			runOnlyForDeploymentPostprocessing = 0;
		};
/* End PBXFrameworksBuildPhase section */

/* Begin PBXGroup section */
		B31391B285810B44ED980F3F /* Frameworks */ = {
			isa = PBXGroup;
			children = (
				58284D6CCBF9F8AE67F3BAE6 /* Pods_CocoaPodsApp.framework */,
				EAC632274ABF6276F9ECA004 /* Pods_CocoaPodsAppTests.framework */,
				0CBB1A17BD18CD4D83119A51 /* Pods_CocoaPodsAppUITests.framework */,
			);
			name = Frameworks;
			sourceTree = "<group>";
		};
		CA66446F40B0D89B2B415EFB /* Pods */ = {
			isa = PBXGroup;
			children = (
				D8878D1CF582DE269E01484A /* Pods-CocoaPodsApp.debug.xcconfig */,
				6CD7188DD1D60FED1252AF38 /* Pods-CocoaPodsApp.release.xcconfig */,
				8AF1B04CBCD2549A1BB116FF /* Pods-CocoaPodsAppTests.debug.xcconfig */,
				568A84CBBB53432AB77629E8 /* Pods-CocoaPodsAppTests.release.xcconfig */,
				62F8CBD7EBB3094DAB55E943 /* Pods-CocoaPodsAppUITests.debug.xcconfig */,
				2E53FF33419A8D7241281173 /* Pods-CocoaPodsAppUITests.release.xcconfig */,
			);
			name = Pods;
			sourceTree = "<group>";
		};
		F6450BE71F6E7E660062B4C4 = {
			isa = PBXGroup;
			children = (
				F6450C241F6E7F050062B4C4 /* bg.jpeg */,
				F6450BF21F6E7E660062B4C4 /* CocoaPodsApp */,
				F6450C0A1F6E7E660062B4C4 /* CocoaPodsAppTests */,
				F6450C151F6E7E660062B4C4 /* CocoaPodsAppUITests */,
				F6450BF11F6E7E660062B4C4 /* Products */,
				CA66446F40B0D89B2B415EFB /* Pods */,
				B31391B285810B44ED980F3F /* Frameworks */,
			);
			sourceTree = "<group>";
		};
		F6450BF11F6E7E660062B4C4 /* Products */ = {
			isa = PBXGroup;
			children = (
				F6450BF01F6E7E660062B4C4 /* CocoaPodsApp.app */,
				F6450C071F6E7E660062B4C4 /* CocoaPodsAppTests.xctest */,
				F6450C121F6E7E660062B4C4 /* CocoaPodsAppUITests.xctest */,
			);
			name = Products;
			sourceTree = "<group>";
		};
		F6450BF21F6E7E660062B4C4 /* CocoaPodsApp */ = {
			isa = PBXGroup;
			children = (
				F6450BF31F6E7E660062B4C4 /* AppDelegate.swift */,
				F6450BF51F6E7E660062B4C4 /* ViewController.swift */,
				F6450BF71F6E7E660062B4C4 /* Main.storyboard */,
				F6450BFD1F6E7E660062B4C4 /* Assets.xcassets */,
				F6450BFF1F6E7E660062B4C4 /* LaunchScreen.storyboard */,
				F6450C021F6E7E660062B4C4 /* Info.plist */,
				F6450BFA1F6E7E660062B4C4 /* CocoaPodsApp.xcdatamodeld */,
			);
			path = CocoaPodsApp;
			sourceTree = "<group>";
		};
		F6450C0A1F6E7E660062B4C4 /* CocoaPodsAppTests */ = {
			isa = PBXGroup;
			children = (
				F6450C0B1F6E7E660062B4C4 /* CocoaPodsAppTests.swift */,
				F6450C0D1F6E7E660062B4C4 /* Info.plist */,
			);
			path = CocoaPodsAppTests;
			sourceTree = "<group>";
		};
		F6450C151F6E7E660062B4C4 /* CocoaPodsAppUITests */ = {
			isa = PBXGroup;
			children = (
				F6450C161F6E7E660062B4C4 /* CocoaPodsAppUITests.swift */,
				F6450C181F6E7E660062B4C4 /* Info.plist */,
			);
			path = CocoaPodsAppUITests;
			sourceTree = "<group>";
		};
/* End PBXGroup section */

/* Begin PBXNativeTarget section */
		F6450BEF1F6E7E660062B4C4 /* CocoaPodsApp */ = {
			isa = PBXNativeTarget;
			buildConfigurationList = F6450C1B1F6E7E660062B4C4 /* Build configuration list for PBXNativeTarget "CocoaPodsApp" */;
			buildPhases = (
				991FB7C31F928F13948ABBEF /* [CP] Check Pods Manifest.lock */,
				F6450BEC1F6E7E660062B4C4 /* Sources */,
				F6450BED1F6E7E660062B4C4 /* Frameworks */,
				F6450BEE1F6E7E660062B4C4 /* Resources */,
				D545CC558AE95DBC29DF8AE4 /* [CP] Embed Pods Frameworks */,
				FBD60E0B8B1FEDED0B3E9849 /* [CP] Copy Pods Resources */,
			);
			buildRules = (
			);
			dependencies = (
			);
			name = CocoaPodsApp;
			productName = CocoaPodsApp;
			productReference = F6450BF01F6E7E660062B4C4 /* CocoaPodsApp.app */;
			productType = "com.apple.product-type.application";
		};
		F6450C061F6E7E660062B4C4 /* CocoaPodsAppTests */ = {
			isa = PBXNativeTarget;
			buildConfigurationList = F6450C1E1F6E7E660062B4C4 /* Build configuration list for PBXNativeTarget "CocoaPodsAppTests" */;
			buildPhases = (
				2F1B485703F37BD88D161446 /* [CP] Check Pods Manifest.lock */,
				F6450C031F6E7E660062B4C4 /* Sources */,
				F6450C041F6E7E660062B4C4 /* Frameworks */,
				F6450C051F6E7E660062B4C4 /* Resources */,
				E9C573CD7DA5E7DE28D0999A /* [CP] Embed Pods Frameworks */,
				49256228BCBC54B4EA7A76BA /* [CP] Copy Pods Resources */,
			);
			buildRules = (
			);
			dependencies = (
				F6450C091F6E7E660062B4C4 /* PBXTargetDependency */,
			);
			name = CocoaPodsAppTests;
			productName = CocoaPodsAppTests;
			productReference = F6450C071F6E7E660062B4C4 /* CocoaPodsAppTests.xctest */;
			productType = "com.apple.product-type.bundle.unit-test";
		};
		F6450C111F6E7E660062B4C4 /* CocoaPodsAppUITests */ = {
			isa = PBXNativeTarget;
			buildConfigurationList = F6450C211F6E7E660062B4C4 /* Build configuration list for PBXNativeTarget "CocoaPodsAppUITests" */;
			buildPhases = (
				1BBD10855469EC9F1157EFB8 /* [CP] Check Pods Manifest.lock */,
				F6450C0E1F6E7E660062B4C4 /* Sources */,
				F6450C0F1F6E7E660062B4C4 /* Frameworks */,
				F6450C101F6E7E660062B4C4 /* Resources */,
				C9F24BFDAB0281E3D6A0C9E8 /* [CP] Embed Pods Frameworks */,
				01AB9E627829D69E31FCD6E9 /* [CP] Copy Pods Resources */,
			);
			buildRules = (
			);
			dependencies = (
				F6450C141F6E7E660062B4C4 /* PBXTargetDependency */,
			);
			name = CocoaPodsAppUITests;
			productName = CocoaPodsAppUITests;
			productReference = F6450C121F6E7E660062B4C4 /* CocoaPodsAppUITests.xctest */;
			productType = "com.apple.product-type.bundle.ui-testing";
		};
/* End PBXNativeTarget section */

/* Begin PBXProject section */
		F6450BE81F6E7E660062B4C4 /* Project object */ = {
			isa = PBXProject;
			attributes = {
				LastSwiftUpdateCheck = 0830;
				LastUpgradeCheck = 0830;
				ORGANIZATIONNAME = "Junya Kobayashi";
				TargetAttributes = {
					F6450BEF1F6E7E660062B4C4 = {
						CreatedOnToolsVersion = 8.3.3;
						ProvisioningStyle = Automatic;
					};
					F6450C061F6E7E660062B4C4 = {
						CreatedOnToolsVersion = 8.3.3;
						ProvisioningStyle = Automatic;
						TestTargetID = F6450BEF1F6E7E660062B4C4;
					};
					F6450C111F6E7E660062B4C4 = {
						CreatedOnToolsVersion = 8.3.3;
						ProvisioningStyle = Automatic;
						TestTargetID = F6450BEF1F6E7E660062B4C4;
					};
				};
			};
			buildConfigurationList = F6450BEB1F6E7E660062B4C4 /* Build configuration list for PBXProject "CocoaPodsApp" */;
			compatibilityVersion = "Xcode 3.2";
			developmentRegion = English;
			hasScannedForEncodings = 0;
			knownRegions = (
				en,
				Base,
			);
			mainGroup = F6450BE71F6E7E660062B4C4;
			productRefGroup = F6450BF11F6E7E660062B4C4 /* Products */;
			projectDirPath = "";
			projectRoot = "";
			targets = (
				F6450BEF1F6E7E660062B4C4 /* CocoaPodsApp */,
				F6450C061F6E7E660062B4C4 /* CocoaPodsAppTests */,
				F6450C111F6E7E660062B4C4 /* CocoaPodsAppUITests */,
			);
		};
/* End PBXProject section */

/* Begin PBXResourcesBuildPhase section */
		F6450BEE1F6E7E660062B4C4 /* Resources */ = {
			isa = PBXResourcesBuildPhase;
			buildActionMask = 2147483647;
			files = (
				F6450C251F6E7F050062B4C4 /* bg.jpeg in Resources */,
				F6450C011F6E7E660062B4C4 /* LaunchScreen.storyboard in Resources */,
				F6450BFE1F6E7E660062B4C4 /* Assets.xcassets in Resources */,
				F6450BF91F6E7E660062B4C4 /* Main.storyboard in Resources */,
			);
			runOnlyForDeploymentPostprocessing = 0;
		};
		F6450C051F6E7E660062B4C4 /* Resources */ = {
			isa = PBXResourcesBuildPhase;
			buildActionMask = 2147483647;
			files = (
			);
			runOnlyForDeploymentPostprocessing = 0;
		};
		F6450C101F6E7E660062B4C4 /* Resources */ = {
			isa = PBXResourcesBuildPhase;
			buildActionMask = 2147483647;
			files = (
			);
			runOnlyForDeploymentPostprocessing = 0;
		};
/* End PBXResourcesBuildPhase section */

/* Begin PBXShellScriptBuildPhase section */
		01AB9E627829D69E31FCD6E9 /* [CP] Copy Pods Resources */ = {
			isa = PBXShellScriptBuildPhase;
			buildActionMask = 2147483647;
			files = (
			);
			inputPaths = (
			);
			name = "[CP] Copy Pods Resources";
			outputPaths = (
			);
			runOnlyForDeploymentPostprocessing = 0;
			shellPath = /bin/sh;
			shellScript = "\"${SRCROOT}/Pods/Target Support Files/Pods-CocoaPodsAppUITests/Pods-CocoaPodsAppUITests-resources.sh\"\n";
			showEnvVarsInLog = 0;
		};
		1BBD10855469EC9F1157EFB8 /* [CP] Check Pods Manifest.lock */ = {
			isa = PBXShellScriptBuildPhase;
			buildActionMask = 2147483647;
			files = (
			);
			inputPaths = (
				"${PODS_PODFILE_DIR_PATH}/Podfile.lock",
				"${PODS_ROOT}/Manifest.lock",
			);
			name = "[CP] Check Pods Manifest.lock";
			outputPaths = (
				"$(DERIVED_FILE_DIR)/Pods-CocoaPodsAppUITests-checkManifestLockResult.txt",
			);
			runOnlyForDeploymentPostprocessing = 0;
			shellPath = /bin/sh;
			shellScript = "diff \"${PODS_PODFILE_DIR_PATH}/Podfile.lock\" \"${PODS_ROOT}/Manifest.lock\" > /dev/null\nif [ $? != 0 ] ; then\n    # print error to STDERR\n    echo \"error: The sandbox is not in sync with the Podfile.lock. Run 'pod install' or update your CocoaPods installation.\" >&2\n    exit 1\nfi\n# This output is used by Xcode 'outputs' to avoid re-running this script phase.\necho \"SUCCESS\" > \"${SCRIPT_OUTPUT_FILE_0}\"\n";
			showEnvVarsInLog = 0;
		};
		2F1B485703F37BD88D161446 /* [CP] Check Pods Manifest.lock */ = {
			isa = PBXShellScriptBuildPhase;
			buildActionMask = 2147483647;
			files = (
			);
			inputPaths = (
				"${PODS_PODFILE_DIR_PATH}/Podfile.lock",
				"${PODS_ROOT}/Manifest.lock",
			);
			name = "[CP] Check Pods Manifest.lock";
			outputPaths = (
				"$(DERIVED_FILE_DIR)/Pods-CocoaPodsAppTests-checkManifestLockResult.txt",
			);
			runOnlyForDeploymentPostprocessing = 0;
			shellPath = /bin/sh;
			shellScript = "diff \"${PODS_PODFILE_DIR_PATH}/Podfile.lock\" \"${PODS_ROOT}/Manifest.lock\" > /dev/null\nif [ $? != 0 ] ; then\n    # print error to STDERR\n    echo \"error: The sandbox is not in sync with the Podfile.lock. Run 'pod install' or update your CocoaPods installation.\" >&2\n    exit 1\nfi\n# This output is used by Xcode 'outputs' to avoid re-running this script phase.\necho \"SUCCESS\" > \"${SCRIPT_OUTPUT_FILE_0}\"\n";
			showEnvVarsInLog = 0;
		};
		49256228BCBC54B4EA7A76BA /* [CP] Copy Pods Resources */ = {
			isa = PBXShellScriptBuildPhase;
			buildActionMask = 2147483647;
			files = (
			);
			inputPaths = (
			);
			name = "[CP] Copy Pods Resources";
			outputPaths = (
			);
			runOnlyForDeploymentPostprocessing = 0;
			shellPath = /bin/sh;
			shellScript = "\"${SRCROOT}/Pods/Target Support Files/Pods-CocoaPodsAppTests/Pods-CocoaPodsAppTests-resources.sh\"\n";
			showEnvVarsInLog = 0;
		};
		991FB7C31F928F13948ABBEF /* [CP] Check Pods Manifest.lock */ = {
			isa = PBXShellScriptBuildPhase;
			buildActionMask = 2147483647;
			files = (
			);
			inputPaths = (
				"${PODS_PODFILE_DIR_PATH}/Podfile.lock",
				"${PODS_ROOT}/Manifest.lock",
			);
			name = "[CP] Check Pods Manifest.lock";
			outputPaths = (
				"$(DERIVED_FILE_DIR)/Pods-CocoaPodsApp-checkManifestLockResult.txt",
			);
			runOnlyForDeploymentPostprocessing = 0;
			shellPath = /bin/sh;
			shellScript = "diff \"${PODS_PODFILE_DIR_PATH}/Podfile.lock\" \"${PODS_ROOT}/Manifest.lock\" > /dev/null\nif [ $? != 0 ] ; then\n    # print error to STDERR\n    echo \"error: The sandbox is not in sync with the Podfile.lock. Run 'pod install' or update your CocoaPods installation.\" >&2\n    exit 1\nfi\n# This output is used by Xcode 'outputs' to avoid re-running this script phase.\necho \"SUCCESS\" > \"${SCRIPT_OUTPUT_FILE_0}\"\n";
			showEnvVarsInLog = 0;
		};
		C9F24BFDAB0281E3D6A0C9E8 /* [CP] Embed Pods Frameworks */ = {
			isa = PBXShellScriptBuildPhase;
			buildActionMask = 2147483647;
			files = (
			);
			inputPaths = (
			);
			name = "[CP] Embed Pods Frameworks";
			outputPaths = (
			);
			runOnlyForDeploymentPostprocessing = 0;
			shellPath = /bin/sh;
			shellScript = "\"${SRCROOT}/Pods/Target Support Files/Pods-CocoaPodsAppUITests/Pods-CocoaPodsAppUITests-frameworks.sh\"\n";
			showEnvVarsInLog = 0;
		};
		D545CC558AE95DBC29DF8AE4 /* [CP] Embed Pods Frameworks */ = {
			isa = PBXShellScriptBuildPhase;
			buildActionMask = 2147483647;
			files = (
			);
			inputPaths = (
				"${SRCROOT}/Pods/Target Support Files/Pods-CocoaPodsApp/Pods-CocoaPodsApp-frameworks.sh",
				"${BUILT_PRODUCTS_DIR}/PKHUD/PKHUD.framework",
			);
			name = "[CP] Embed Pods Frameworks";
			outputPaths = (
				"${TARGET_BUILD_DIR}/${FRAMEWORKS_FOLDER_PATH}/PKHUD.framework",
			);
			runOnlyForDeploymentPostprocessing = 0;
			shellPath = /bin/sh;
			shellScript = "\"${SRCROOT}/Pods/Target Support Files/Pods-CocoaPodsApp/Pods-CocoaPodsApp-frameworks.sh\"\n";
			showEnvVarsInLog = 0;
		};
		E9C573CD7DA5E7DE28D0999A /* [CP] Embed Pods Frameworks */ = {
			isa = PBXShellScriptBuildPhase;
			buildActionMask = 2147483647;
			files = (
			);
			inputPaths = (
			);
			name = "[CP] Embed Pods Frameworks";
			outputPaths = (
			);
			runOnlyForDeploymentPostprocessing = 0;
			shellPath = /bin/sh;
			shellScript = "\"${SRCROOT}/Pods/Target Support Files/Pods-CocoaPodsAppTests/Pods-CocoaPodsAppTests-frameworks.sh\"\n";
			showEnvVarsInLog = 0;
		};
		FBD60E0B8B1FEDED0B3E9849 /* [CP] Copy Pods Resources */ = {
			isa = PBXShellScriptBuildPhase;
			buildActionMask = 2147483647;
			files = (
			);
			inputPaths = (
			);
			name = "[CP] Copy Pods Resources";
			outputPaths = (
			);
			runOnlyForDeploymentPostprocessing = 0;
			shellPath = /bin/sh;
			shellScript = "\"${SRCROOT}/Pods/Target Support Files/Pods-CocoaPodsApp/Pods-CocoaPodsApp-resources.sh\"\n";
			showEnvVarsInLog = 0;
		};
/* End PBXShellScriptBuildPhase section */

/* Begin PBXSourcesBuildPhase section */
		F6450BEC1F6E7E660062B4C4 /* Sources */ = {
			isa = PBXSourcesBuildPhase;
			buildActionMask = 2147483647;
			files = (
				F6450BF61F6E7E660062B4C4 /* ViewController.swift in Sources */,
				F6450BFC1F6E7E660062B4C4 /* CocoaPodsApp.xcdatamodeld in Sources */,
				F6450BF41F6E7E660062B4C4 /* AppDelegate.swift in Sources */,
			);
			runOnlyForDeploymentPostprocessing = 0;
		};
		F6450C031F6E7E660062B4C4 /* Sources */ = {
			isa = PBXSourcesBuildPhase;
			buildActionMask = 2147483647;
			files = (
				F6450C0C1F6E7E660062B4C4 /* CocoaPodsAppTests.swift in Sources */,
			);
			runOnlyForDeploymentPostprocessing = 0;
		};
		F6450C0E1F6E7E660062B4C4 /* Sources */ = {
			isa = PBXSourcesBuildPhase;
			buildActionMask = 2147483647;
			files = (
				F6450C171F6E7E660062B4C4 /* CocoaPodsAppUITests.swift in Sources */,
			);
			runOnlyForDeploymentPostprocessing = 0;
		};
/* End PBXSourcesBuildPhase section */

/* Begin PBXTargetDependency section */
		F6450C091F6E7E660062B4C4 /* PBXTargetDependency */ = {
			isa = PBXTargetDependency;
			target = F6450BEF1F6E7E660062B4C4 /* CocoaPodsApp */;
			targetProxy = F6450C081F6E7E660062B4C4 /* PBXContainerItemProxy */;
		};
		F6450C141F6E7E660062B4C4 /* PBXTargetDependency */ = {
			isa = PBXTargetDependency;
			target = F6450BEF1F6E7E660062B4C4 /* CocoaPodsApp */;
			targetProxy = F6450C131F6E7E660062B4C4 /* PBXContainerItemProxy */;
		};
/* End PBXTargetDependency section */

/* Begin PBXVariantGroup section */
		F6450BF71F6E7E660062B4C4 /* Main.storyboard */ = {
			isa = PBXVariantGroup;
			children = (
				F6450BF81F6E7E660062B4C4 /* Base */,
			);
			name = Main.storyboard;
			sourceTree = "<group>";
		};
		F6450BFF1F6E7E660062B4C4 /* LaunchScreen.storyboard */ = {
			isa = PBXVariantGroup;
			children = (
				F6450C001F6E7E660062B4C4 /* Base */,
			);
			name = LaunchScreen.storyboard;
			sourceTree = "<group>";
		};
/* End PBXVariantGroup section */

/* Begin XCBuildConfiguration section */
		F6450C191F6E7E660062B4C4 /* Debug */ = {
			isa = XCBuildConfiguration;
			buildSettings = {
				ALWAYS_SEARCH_USER_PATHS = NO;
				CLANG_ANALYZER_NONNULL = YES;
				CLANG_ANALYZER_NUMBER_OBJECT_CONVERSION = YES_AGGRESSIVE;
				CLANG_CXX_LANGUAGE_STANDARD = "gnu++0x";
				CLANG_CXX_LIBRARY = "libc++";
				CLANG_ENABLE_MODULES = YES;
				CLANG_ENABLE_OBJC_ARC = YES;
				CLANG_WARN_BOOL_CONVERSION = YES;
				CLANG_WARN_CONSTANT_CONVERSION = YES;
				CLANG_WARN_DIRECT_OBJC_ISA_USAGE = YES_ERROR;
				CLANG_WARN_DOCUMENTATION_COMMENTS = YES;
				CLANG_WARN_EMPTY_BODY = YES;
				CLANG_WARN_ENUM_CONVERSION = YES;
				CLANG_WARN_INFINITE_RECURSION = YES;
				CLANG_WARN_INT_CONVERSION = YES;
				CLANG_WARN_OBJC_ROOT_CLASS = YES_ERROR;
				CLANG_WARN_SUSPICIOUS_MOVE = YES;
				CLANG_WARN_UNREACHABLE_CODE = YES;
				CLANG_WARN__DUPLICATE_METHOD_MATCH = YES;
				"CODE_SIGN_IDENTITY[sdk=iphoneos*]" = "iPhone Developer";
				COPY_PHASE_STRIP = NO;
				DEBUG_INFORMATION_FORMAT = dwarf;
				ENABLE_STRICT_OBJC_MSGSEND = YES;
				ENABLE_TESTABILITY = YES;
				GCC_C_LANGUAGE_STANDARD = gnu99;
				GCC_DYNAMIC_NO_PIC = NO;
				GCC_NO_COMMON_BLOCKS = YES;
				GCC_OPTIMIZATION_LEVEL = 0;
				GCC_PREPROCESSOR_DEFINITIONS = (
					"DEBUG=1",
					"$(inherited)",
				);
				GCC_WARN_64_TO_32_BIT_CONVERSION = YES;
				GCC_WARN_ABOUT_RETURN_TYPE = YES_ERROR;
				GCC_WARN_UNDECLARED_SELECTOR = YES;
				GCC_WARN_UNINITIALIZED_AUTOS = YES_AGGRESSIVE;
				GCC_WARN_UNUSED_FUNCTION = YES;
				GCC_WARN_UNUSED_VARIABLE = YES;
				IPHONEOS_DEPLOYMENT_TARGET = 10.3;
				MTL_ENABLE_DEBUG_INFO = YES;
				ONLY_ACTIVE_ARCH = YES;
				SDKROOT = iphoneos;
				SWIFT_ACTIVE_COMPILATION_CONDITIONS = DEBUG;
				SWIFT_OPTIMIZATION_LEVEL = "-Onone";
			};
			name = Debug;
		};
		F6450C1A1F6E7E660062B4C4 /* Release */ = {
			isa = XCBuildConfiguration;
			buildSettings = {
				ALWAYS_SEARCH_USER_PATHS = NO;
				CLANG_ANALYZER_NONNULL = YES;
				CLANG_ANALYZER_NUMBER_OBJECT_CONVERSION = YES_AGGRESSIVE;
				CLANG_CXX_LANGUAGE_STANDARD = "gnu++0x";
				CLANG_CXX_LIBRARY = "libc++";
				CLANG_ENABLE_MODULES = YES;
				CLANG_ENABLE_OBJC_ARC = YES;
				CLANG_WARN_BOOL_CONVERSION = YES;
				CLANG_WARN_CONSTANT_CONVERSION = YES;
				CLANG_WARN_DIRECT_OBJC_ISA_USAGE = YES_ERROR;
				CLANG_WARN_DOCUMENTATION_COMMENTS = YES;
				CLANG_WARN_EMPTY_BODY = YES;
				CLANG_WARN_ENUM_CONVERSION = YES;
				CLANG_WARN_INFINITE_RECURSION = YES;
				CLANG_WARN_INT_CONVERSION = YES;
				CLANG_WARN_OBJC_ROOT_CLASS = YES_ERROR;
				CLANG_WARN_SUSPICIOUS_MOVE = YES;
				CLANG_WARN_UNREACHABLE_CODE = YES;
				CLANG_WARN__DUPLICATE_METHOD_MATCH = YES;
				"CODE_SIGN_IDENTITY[sdk=iphoneos*]" = "iPhone Developer";
				COPY_PHASE_STRIP = NO;
				DEBUG_INFORMATION_FORMAT = "dwarf-with-dsym";
				ENABLE_NS_ASSERTIONS = NO;
				ENABLE_STRICT_OBJC_MSGSEND = YES;
				GCC_C_LANGUAGE_STANDARD = gnu99;
				GCC_NO_COMMON_BLOCKS = YES;
				GCC_WARN_64_TO_32_BIT_CONVERSION = YES;
				GCC_WARN_ABOUT_RETURN_TYPE = YES_ERROR;
				GCC_WARN_UNDECLARED_SELECTOR = YES;
				GCC_WARN_UNINITIALIZED_AUTOS = YES_AGGRESSIVE;
				GCC_WARN_UNUSED_FUNCTION = YES;
				GCC_WARN_UNUSED_VARIABLE = YES;
				IPHONEOS_DEPLOYMENT_TARGET = 10.3;
				MTL_ENABLE_DEBUG_INFO = NO;
				SDKROOT = iphoneos;
				SWIFT_OPTIMIZATION_LEVEL = "-Owholemodule";
				VALIDATE_PRODUCT = YES;
			};
			name = Release;
		};
		F6450C1C1F6E7E660062B4C4 /* Debug */ = {
			isa = XCBuildConfiguration;
			baseConfigurationReference = D8878D1CF582DE269E01484A /* Pods-CocoaPodsApp.debug.xcconfig */;
			buildSettings = {
				ASSETCATALOG_COMPILER_APPICON_NAME = AppIcon;
				INFOPLIST_FILE = CocoaPodsApp/Info.plist;
				LD_RUNPATH_SEARCH_PATHS = "$(inherited) @executable_path/Frameworks";
				PRODUCT_BUNDLE_IDENTIFIER = com.litech.CocoaPodsApp;
				PRODUCT_NAME = "$(TARGET_NAME)";
				SWIFT_VERSION = 3.0;
			};
			name = Debug;
		};
		F6450C1D1F6E7E660062B4C4 /* Release */ = {
			isa = XCBuildConfiguration;
			baseConfigurationReference = 6CD7188DD1D60FED1252AF38 /* Pods-CocoaPodsApp.release.xcconfig */;
			buildSettings = {
				ASSETCATALOG_COMPILER_APPICON_NAME = AppIcon;
				INFOPLIST_FILE = CocoaPodsApp/Info.plist;
				LD_RUNPATH_SEARCH_PATHS = "$(inherited) @executable_path/Frameworks";
				PRODUCT_BUNDLE_IDENTIFIER = com.litech.CocoaPodsApp;
				PRODUCT_NAME = "$(TARGET_NAME)";
				SWIFT_VERSION = 3.0;
			};
			name = Release;
		};
		F6450C1F1F6E7E660062B4C4 /* Debug */ = {
			isa = XCBuildConfiguration;
			baseConfigurationReference = 8AF1B04CBCD2549A1BB116FF /* Pods-CocoaPodsAppTests.debug.xcconfig */;
			buildSettings = {
				ALWAYS_EMBED_SWIFT_STANDARD_LIBRARIES = YES;
				BUNDLE_LOADER = "$(TEST_HOST)";
				INFOPLIST_FILE = CocoaPodsAppTests/Info.plist;
				LD_RUNPATH_SEARCH_PATHS = "$(inherited) @executable_path/Frameworks @loader_path/Frameworks";
				PRODUCT_BUNDLE_IDENTIFIER = com.litech.CocoaPodsAppTests;
				PRODUCT_NAME = "$(TARGET_NAME)";
				SWIFT_VERSION = 3.0;
				TEST_HOST = "$(BUILT_PRODUCTS_DIR)/CocoaPodsApp.app/CocoaPodsApp";
			};
			name = Debug;
		};
		F6450C201F6E7E660062B4C4 /* Release */ = {
			isa = XCBuildConfiguration;
			baseConfigurationReference = 568A84CBBB53432AB77629E8 /* Pods-CocoaPodsAppTests.release.xcconfig */;
			buildSettings = {
				ALWAYS_EMBED_SWIFT_STANDARD_LIBRARIES = YES;
				BUNDLE_LOADER = "$(TEST_HOST)";
				INFOPLIST_FILE = CocoaPodsAppTests/Info.plist;
				LD_RUNPATH_SEARCH_PATHS = "$(inherited) @executable_path/Frameworks @loader_path/Frameworks";
				PRODUCT_BUNDLE_IDENTIFIER = com.litech.CocoaPodsAppTests;
				PRODUCT_NAME = "$(TARGET_NAME)";
				SWIFT_VERSION = 3.0;
				TEST_HOST = "$(BUILT_PRODUCTS_DIR)/CocoaPodsApp.app/CocoaPodsApp";
			};
			name = Release;
		};
		F6450C221F6E7E660062B4C4 /* Debug */ = {
			isa = XCBuildConfiguration;
			baseConfigurationReference = 62F8CBD7EBB3094DAB55E943 /* Pods-CocoaPodsAppUITests.debug.xcconfig */;
			buildSettings = {
				ALWAYS_EMBED_SWIFT_STANDARD_LIBRARIES = YES;
				INFOPLIST_FILE = CocoaPodsAppUITests/Info.plist;
				LD_RUNPATH_SEARCH_PATHS = "$(inherited) @executable_path/Frameworks @loader_path/Frameworks";
				PRODUCT_BUNDLE_IDENTIFIER = com.litech.CocoaPodsAppUITests;
				PRODUCT_NAME = "$(TARGET_NAME)";
				SWIFT_VERSION = 3.0;
				TEST_TARGET_NAME = CocoaPodsApp;
			};
			name = Debug;
		};
		F6450C231F6E7E660062B4C4 /* Release */ = {
			isa = XCBuildConfiguration;
			baseConfigurationReference = 2E53FF33419A8D7241281173 /* Pods-CocoaPodsAppUITests.release.xcconfig */;
			buildSettings = {
				ALWAYS_EMBED_SWIFT_STANDARD_LIBRARIES = YES;
				INFOPLIST_FILE = CocoaPodsAppUITests/Info.plist;
				LD_RUNPATH_SEARCH_PATHS = "$(inherited) @executable_path/Frameworks @loader_path/Frameworks";
				PRODUCT_BUNDLE_IDENTIFIER = com.litech.CocoaPodsAppUITests;
				PRODUCT_NAME = "$(TARGET_NAME)";
				SWIFT_VERSION = 3.0;
				TEST_TARGET_NAME = CocoaPodsApp;
			};
			name = Release;
		};
/* End XCBuildConfiguration section */

/* Begin XCConfigurationList section */
		F6450BEB1F6E7E660062B4C4 /* Build configuration list for PBXProject "CocoaPodsApp" */ = {
			isa = XCConfigurationList;
			buildConfigurations = (
				F6450C191F6E7E660062B4C4 /* Debug */,
				F6450C1A1F6E7E660062B4C4 /* Release */,
			);
			defaultConfigurationIsVisible = 0;
			defaultConfigurationName = Release;
		};
		F6450C1B1F6E7E660062B4C4 /* Build configuration list for PBXNativeTarget "CocoaPodsApp" */ = {
			isa = XCConfigurationList;
			buildConfigurations = (
				F6450C1C1F6E7E660062B4C4 /* Debug */,
				F6450C1D1F6E7E660062B4C4 /* Release */,
			);
			defaultConfigurationIsVisible = 0;
		};
		F6450C1E1F6E7E660062B4C4 /* Build configuration list for PBXNativeTarget "CocoaPodsAppTests" */ = {
			isa = XCConfigurationList;
			buildConfigurations = (
				F6450C1F1F6E7E660062B4C4 /* Debug */,
				F6450C201F6E7E660062B4C4 /* Release */,
			);
			defaultConfigurationIsVisible = 0;
		};
		F6450C211F6E7E660062B4C4 /* Build configuration list for PBXNativeTarget "CocoaPodsAppUITests" */ = {
			isa = XCConfigurationList;
			buildConfigurations = (
				F6450C221F6E7E660062B4C4 /* Debug */,
				F6450C231F6E7E660062B4C4 /* Release */,
			);
			defaultConfigurationIsVisible = 0;
		};
/* End XCConfigurationList section */

/* Begin XCVersionGroup section */
		F6450BFA1F6E7E660062B4C4 /* CocoaPodsApp.xcdatamodeld */ = {
			isa = XCVersionGroup;
			children = (
				F6450BFB1F6E7E660062B4C4 /* CocoaPodsApp.xcdatamodel */,
			);
			currentVersion = F6450BFB1F6E7E660062B4C4 /* CocoaPodsApp.xcdatamodel */;
			path = CocoaPodsApp.xcdatamodeld;
			sourceTree = "<group>";
			versionGroupType = wrapper.xcdatamodel;
		};
/* End XCVersionGroup section */
	};
	rootObject = F6450BE81F6E7E660062B4C4 /* Project object */;
}
